// !$*UTF8*$!
{
	archiveVersion = 1;
	classes = {
	};
	objectVersion = 46;
	objects = {

/* Begin PBXBuildFile section */
		37B9980C1C287CE200710151 /* main.m in Sources */ = {isa = PBXBuildFile; fileRef = 37B9980B1C287CE200710151 /* main.m */; };
		37B9980F1C287CE200710151 /* AppDelegate.m in Sources */ = {isa = PBXBuildFile; fileRef = 37B9980E1C287CE200710151 /* AppDelegate.m */; };
		37B998121C287CE200710151 /* ViewController.m in Sources */ = {isa = PBXBuildFile; fileRef = 37B998111C287CE200710151 /* ViewController.m */; };
		37B998151C287CE200710151 /* Main.storyboard in Resources */ = {isa = PBXBuildFile; fileRef = 37B998131C287CE200710151 /* Main.storyboard */; };
		37B998171C287CE200710151 /* Assets.xcassets in Resources */ = {isa = PBXBuildFile; fileRef = 37B998161C287CE200710151 /* Assets.xcassets */; };
		37B9981A1C287CE200710151 /* LaunchScreen.storyboard in Resources */ = {isa = PBXBuildFile; fileRef = 37B998181C287CE200710151 /* LaunchScreen.storyboard */; };
		37B998251C287CE200710151 /* VideoReverseDemoTests.m in Sources */ = {isa = PBXBuildFile; fileRef = 37B998241C287CE200710151 /* VideoReverseDemoTests.m */; };
		37B998301C287CE200710151 /* VideoReverseDemoUITests.m in Sources */ = {isa = PBXBuildFile; fileRef = 37B9982F1C287CE200710151 /* VideoReverseDemoUITests.m */; };
		37B9983F1C287D0300710151 /* HKMediaOperationTools.m in Sources */ = {isa = PBXBuildFile; fileRef = 37B9983E1C287D0300710151 /* HKMediaOperationTools.m */; };
		37B998411C28851200710151 /* AVFoundation.framework in Frameworks */ = {isa = PBXBuildFile; fileRef = 37B998401C28851200710151 /* AVFoundation.framework */; };
		37B998431C28881800710151 /* test.mp4 in Sources */ = {isa = PBXBuildFile; fileRef = 37B998421C2885C500710151 /* test.mp4 */; };
		37B998441C28887600710151 /* test.mp4 in Resources */ = {isa = PBXBuildFile; fileRef = 37B998421C2885C500710151 /* test.mp4 */; };
/* End PBXBuildFile section */

/* Begin PBXContainerItemProxy section */
		37B998211C287CE200710151 /* PBXContainerItemProxy */ = {
			isa = PBXContainerItemProxy;
			containerPortal = 37B997FF1C287CE200710151 /* Project object */;
			proxyType = 1;
			remoteGlobalIDString = 37B998061C287CE200710151;
			remoteInfo = VideoReverseDemo;
		};
		37B9982C1C287CE200710151 /* PBXContainerItemProxy */ = {
			isa = PBXContainerItemProxy;
			containerPortal = 37B997FF1C287CE200710151 /* Project object */;
			proxyType = 1;
			remoteGlobalIDString = 37B998061C287CE200710151;
			remoteInfo = VideoReverseDemo;
		};
/* End PBXContainerItemProxy section */

/* Begin PBXFileReference section */
		37B998071C287CE200710151 /* VideoReverseDemo.app */ = {isa = PBXFileReference; explicitFileType = wrapper.application; includeInIndex = 0; path = VideoReverseDemo.app; sourceTree = BUILT_PRODUCTS_DIR; };
		37B9980B1C287CE200710151 /* main.m */ = {isa = PBXFileReference; lastKnownFileType = sourcecode.c.objc; path = main.m; sourceTree = "<group>"; };
		37B9980D1C287CE200710151 /* AppDelegate.h */ = {isa = PBXFileReference; lastKnownFileType = sourcecode.c.h; path = AppDelegate.h; sourceTree = "<group>"; };
		37B9980E1C287CE200710151 /* AppDelegate.m */ = {isa = PBXFileReference; lastKnownFileType = sourcecode.c.objc; path = AppDelegate.m; sourceTree = "<group>"; };
		37B998101C287CE200710151 /* ViewController.h */ = {isa = PBXFileReference; lastKnownFileType = sourcecode.c.h; path = ViewController.h; sourceTree = "<group>"; };
		37B998111C287CE200710151 /* ViewController.m */ = {isa = PBXFileReference; lastKnownFileType = sourcecode.c.objc; path = ViewController.m; sourceTree = "<group>"; };
		37B998141C287CE200710151 /* Base */ = {isa = PBXFileReference; lastKnownFileType = file.storyboard; name = Base; path = Base.lproj/Main.storyboard; sourceTree = "<group>"; };
		37B998161C287CE200710151 /* Assets.xcassets */ = {isa = PBXFileReference; lastKnownFileType = folder.assetcatalog; path = Assets.xcassets; sourceTree = "<group>"; };
		37B998191C287CE200710151 /* Base */ = {isa = PBXFileReference; lastKnownFileType = file.storyboard; name = Base; path = Base.lproj/LaunchScreen.storyboard; sourceTree = "<group>"; };
		37B9981B1C287CE200710151 /* Info.plist */ = {isa = PBXFileReference; lastKnownFileType = text.plist.xml; path = Info.plist; sourceTree = "<group>"; };
		37B998201C287CE200710151 /* VideoReverseDemoTests.xctest */ = {isa = PBXFileReference; explicitFileType = wrapper.cfbundle; includeInIndex = 0; path = VideoReverseDemoTests.xctest; sourceTree = BUILT_PRODUCTS_DIR; };
		37B998241C287CE200710151 /* VideoReverseDemoTests.m */ = {isa = PBXFileReference; lastKnownFileType = sourcecode.c.objc; path = VideoReverseDemoTests.m; sourceTree = "<group>"; };
		37B998261C287CE200710151 /* Info.plist */ = {isa = PBXFileReference; lastKnownFileType = text.plist.xml; path = Info.plist; sourceTree = "<group>"; };
		37B9982B1C287CE200710151 /* VideoReverseDemoUITests.xctest */ = {isa = PBXFileReference; explicitFileType = wrapper.cfbundle; includeInIndex = 0; path = VideoReverseDemoUITests.xctest; sourceTree = BUILT_PRODUCTS_DIR; };
		37B9982F1C287CE200710151 /* VideoReverseDemoUITests.m */ = {isa = PBXFileReference; lastKnownFileType = sourcecode.c.objc; path = VideoReverseDemoUITests.m; sourceTree = "<group>"; };
		37B998311C287CE200710151 /* Info.plist */ = {isa = PBXFileReference; lastKnownFileType = text.plist.xml; path = Info.plist; sourceTree = "<group>"; };
		37B9983D1C287D0300710151 /* HKMediaOperationTools.h */ = {isa = PBXFileReference; fileEncoding = 4; lastKnownFileType = sourcecode.c.h; path = HKMediaOperationTools.h; sourceTree = "<group>"; };
		37B9983E1C287D0300710151 /* HKMediaOperationTools.m */ = {isa = PBXFileReference; fileEncoding = 4; lastKnownFileType = sourcecode.c.objc; path = HKMediaOperationTools.m; sourceTree = "<group>"; };
		37B998401C28851200710151 /* AVFoundation.framework */ = {isa = PBXFileReference; lastKnownFileType = wrapper.framework; name = AVFoundation.framework; path = System/Library/Frameworks/AVFoundation.framework; sourceTree = SDKROOT; };
		37B998421C2885C500710151 /* test.mp4 */ = {isa = PBXFileReference; lastKnownFileType = file; path = test.mp4; sourceTree = "<group>"; };
/* End PBXFileReference section */

/* Begin PBXFrameworksBuildPhase section */
		37B998041C287CE200710151 /* Frameworks */ = {
			isa = PBXFrameworksBuildPhase;
			buildActionMask = 2147483647;
			files = (
				37B998411C28851200710151 /* AVFoundation.framework in Frameworks */,
			);
			runOnlyForDeploymentPostprocessing = 0;
		};
		37B9981D1C287CE200710151 /* Frameworks */ = {
			isa = PBXFrameworksBuildPhase;
			buildActionMask = 2147483647;
			files = (
			);
			runOnlyForDeploymentPostprocessing = 0;
		};
		37B998281C287CE200710151 /* Frameworks */ = {
			isa = PBXFrameworksBuildPhase;
			buildActionMask = 2147483647;
			files = (
			);
			runOnlyForDeploymentPostprocessing = 0;
		};
/* End PBXFrameworksBuildPhase section */

/* Begin PBXGroup section */
		37B997FE1C287CE200710151 = {
			isa = PBXGroup;
			children = (
				37B998401C28851200710151 /* AVFoundation.framework */,
				37B998091C287CE200710151 /* VideoReverseDemo */,
				37B998231C287CE200710151 /* VideoReverseDemoTests */,
				37B9982E1C287CE200710151 /* VideoReverseDemoUITests */,
				37B998081C287CE200710151 /* Products */,
			);
			sourceTree = "<group>";
		};
		37B998081C287CE200710151 /* Products */ = {
			isa = PBXGroup;
			children = (
				37B998071C287CE200710151 /* VideoReverseDemo.app */,
				37B998201C287CE200710151 /* VideoReverseDemoTests.xctest */,
				37B9982B1C287CE200710151 /* VideoReverseDemoUITests.xctest */,
			);
			name = Products;
			sourceTree = "<group>";
		};
		37B998091C287CE200710151 /* VideoReverseDemo */ = {
			isa = PBXGroup;
			children = (
				37B9983D1C287D0300710151 /* HKMediaOperationTools.h */,
				37B9983E1C287D0300710151 /* HKMediaOperationTools.m */,
				37B9980D1C287CE200710151 /* AppDelegate.h */,
				37B9980E1C287CE200710151 /* AppDelegate.m */,
				37B998101C287CE200710151 /* ViewController.h */,
				37B998111C287CE200710151 /* ViewController.m */,
				37B998421C2885C500710151 /* test.mp4 */,
				37B998131C287CE200710151 /* Main.storyboard */,
				37B998161C287CE200710151 /* Assets.xcassets */,
				37B998181C287CE200710151 /* LaunchScreen.storyboard */,
				37B9981B1C287CE200710151 /* Info.plist */,
				37B9980A1C287CE200710151 /* Supporting Files */,
			);
			path = VideoReverseDemo;
			sourceTree = "<group>";
		};
		37B9980A1C287CE200710151 /* Supporting Files */ = {
			isa = PBXGroup;
			children = (
				37B9980B1C287CE200710151 /* main.m */,
			);
			name = "Supporting Files";
			sourceTree = "<group>";
		};
		37B998231C287CE200710151 /* VideoReverseDemoTests */ = {
			isa = PBXGroup;
			children = (
				37B998241C287CE200710151 /* VideoReverseDemoTests.m */,
				37B998261C287CE200710151 /* Info.plist */,
			);
			path = VideoReverseDemoTests;
			sourceTree = "<group>";
		};
		37B9982E1C287CE200710151 /* VideoReverseDemoUITests */ = {
			isa = PBXGroup;
			children = (
				37B9982F1C287CE200710151 /* VideoReverseDemoUITests.m */,
				37B998311C287CE200710151 /* Info.plist */,
			);
			path = VideoReverseDemoUITests;
			sourceTree = "<group>";
		};
/* End PBXGroup section */

/* Begin PBXNativeTarget section */
		37B998061C287CE200710151 /* VideoReverseDemo */ = {
			isa = PBXNativeTarget;
			buildConfigurationList = 37B998341C287CE200710151 /* Build configuration list for PBXNativeTarget "VideoReverseDemo" */;
			buildPhases = (
				37B998031C287CE200710151 /* Sources */,
				37B998041C287CE200710151 /* Frameworks */,
				37B998051C287CE200710151 /* Resources */,
			);
			buildRules = (
			);
			dependencies = (
			);
			name = VideoReverseDemo;
			productName = VideoReverseDemo;
			productReference = 37B998071C287CE200710151 /* VideoReverseDemo.app */;
			productType = "com.apple.product-type.application";
		};
		37B9981F1C287CE200710151 /* VideoReverseDemoTests */ = {
			isa = PBXNativeTarget;
			buildConfigurationList = 37B998371C287CE200710151 /* Build configuration list for PBXNativeTarget "VideoReverseDemoTests" */;
			buildPhases = (
				37B9981C1C287CE200710151 /* Sources */,
				37B9981D1C287CE200710151 /* Frameworks */,
				37B9981E1C287CE200710151 /* Resources */,
			);
			buildRules = (
			);
			dependencies = (
				37B998221C287CE200710151 /* PBXTargetDependency */,
			);
			name = VideoReverseDemoTests;
			productName = VideoReverseDemoTests;
			productReference = 37B998201C287CE200710151 /* VideoReverseDemoTests.xctest */;
			productType = "com.apple.product-type.bundle.unit-test";
		};
		37B9982A1C287CE200710151 /* VideoReverseDemoUITests */ = {
			isa = PBXNativeTarget;
			buildConfigurationList = 37B9983A1C287CE200710151 /* Build configuration list for PBXNativeTarget "VideoReverseDemoUITests" */;
			buildPhases = (
				37B998271C287CE200710151 /* Sources */,
				37B998281C287CE200710151 /* Frameworks */,
				37B998291C287CE200710151 /* Resources */,
			);
			buildRules = (
			);
			dependencies = (
				37B9982D1C287CE200710151 /* PBXTargetDependency */,
			);
			name = VideoReverseDemoUITests;
			productName = VideoReverseDemoUITests;
			productReference = 37B9982B1C287CE200710151 /* VideoReverseDemoUITests.xctest */;
			productType = "com.apple.product-type.bundle.ui-testing";
		};
/* End PBXNativeTarget section */

/* Begin PBXProject section */
		37B997FF1C287CE200710151 /* Project object */ = {
			isa = PBXProject;
			attributes = {
				LastUpgradeCheck = 0710;
				ORGANIZATIONNAME = HuangKai;
				TargetAttributes = {
					37B998061C287CE200710151 = {
						CreatedOnToolsVersion = 7.1.1;
					};
					37B9981F1C287CE200710151 = {
						CreatedOnToolsVersion = 7.1.1;
						TestTargetID = 37B998061C287CE200710151;
					};
					37B9982A1C287CE200710151 = {
						CreatedOnToolsVersion = 7.1.1;
						TestTargetID = 37B998061C287CE200710151;
					};
				};
			};
			buildConfigurationList = 37B998021C287CE200710151 /* Build configuration list for PBXProject "VideoReverseDemo" */;
			compatibilityVersion = "Xcode 3.2";
			developmentRegion = English;
			hasScannedForEncodings = 0;
			knownRegions = (
				en,
				Base,
			);
			mainGroup = 37B997FE1C287CE200710151;
			productRefGroup = 37B998081C287CE200710151 /* Products */;
			projectDirPath = "";
			projectRoot = "";
			targets = (
				37B998061C287CE200710151 /* VideoReverseDemo */,
				37B9981F1C287CE200710151 /* VideoReverseDemoTests */,
				37B9982A1C287CE200710151 /* VideoReverseDemoUITests */,
			);
		};
/* End PBXProject section */

/* Begin PBXResourcesBuildPhase section */
		37B998051C287CE200710151 /* Resources */ = {
			isa = PBXResourcesBuildPhase;
			buildActionMask = 2147483647;
			files = (
				37B998441C28887600710151 /* test.mp4 in Resources */,
				37B9981A1C287CE200710151 /* LaunchScreen.storyboard in Resources */,
				37B998171C287CE200710151 /* Assets.xcassets in Resources */,
				37B998151C287CE200710151 /* Main.storyboard in Resources */,
			);
			runOnlyForDeploymentPostprocessing = 0;
		};
		37B9981E1C287CE200710151 /* Resources */ = {
			isa = PBXResourcesBuildPhase;
			buildActionMask = 2147483647;
			files = (
			);
			runOnlyForDeploymentPostprocessing = 0;
		};
		37B998291C287CE200710151 /* Resources */ = {
			isa = PBXResourcesBuildPhase;
			buildActionMask = 2147483647;
			files = (
			);
			runOnlyForDeploymentPostprocessing = 0;
		};
/* End PBXResourcesBuildPhase section */

/* Begin PBXSourcesBuildPhase section */
		37B998031C287CE200710151 /* Sources */ = {
			isa = PBXSourcesBuildPhase;
			buildActionMask = 2147483647;
			files = (
				37B998431C28881800710151 /* test.mp4 in Sources */,
				37B998121C287CE200710151 /* ViewController.m in Sources */,
				37B9980F1C287CE200710151 /* AppDelegate.m in Sources */,
				37B9980C1C287CE200710151 /* main.m in Sources */,
				37B9983F1C287D0300710151 /* HKMediaOperationTools.m in Sources */,
			);
			runOnlyForDeploymentPostprocessing = 0;
		};
		37B9981C1C287CE200710151 /* Sources */ = {
			isa = PBXSourcesBuildPhase;
			buildActionMask = 2147483647;
			files = (
				37B998251C287CE200710151 /* VideoReverseDemoTests.m in Sources */,
			);
			runOnlyForDeploymentPostprocessing = 0;
		};
		37B998271C287CE200710151 /* Sources */ = {
			isa = PBXSourcesBuildPhase;
			buildActionMask = 2147483647;
			files = (
				37B998301C287CE200710151 /* VideoReverseDemoUITests.m in Sources */,
			);
			runOnlyForDeploymentPostprocessing = 0;
		};
/* End PBXSourcesBuildPhase section */

/* Begin PBXTargetDependency section */
		37B998221C287CE200710151 /* PBXTargetDependency */ = {
			isa = PBXTargetDependency;
			target = 37B998061C287CE200710151 /* VideoReverseDemo */;
			targetProxy = 37B998211C287CE200710151 /* PBXContainerItemProxy */;
		};
		37B9982D1C287CE200710151 /* PBXTargetDependency */ = {
			isa = PBXTargetDependency;
			target = 37B998061C287CE200710151 /* VideoReverseDemo */;
			targetProxy = 37B9982C1C287CE200710151 /* PBXContainerItemProxy */;
		};
/* End PBXTargetDependency section */

/* Begin PBXVariantGroup section */
		37B998131C287CE200710151 /* Main.storyboard */ = {
			isa = PBXVariantGroup;
			children = (
				37B998141C287CE200710151 /* Base */,
			);
			name = Main.storyboard;
			sourceTree = "<group>";
		};
		37B998181C287CE200710151 /* LaunchScreen.storyboard */ = {
			isa = PBXVariantGroup;
			children = (
				37B998191C287CE200710151 /* Base */,
			);
			name = LaunchScreen.storyboard;
			sourceTree = "<group>";
		};
/* End PBXVariantGroup section */

/* Begin XCBuildConfiguration section */
		37B998321C287CE200710151 /* Debug */ = {
			isa = XCBuildConfiguration;
			buildSettings = {
				ALWAYS_SEARCH_USER_PATHS = NO;
				CLANG_CXX_LANGUAGE_STANDARD = "gnu++0x";
				CLANG_CXX_LIBRARY = "libc++";
				CLANG_ENABLE_MODULES = YES;
				CLANG_ENABLE_OBJC_ARC = YES;
				CLANG_WARN_BOOL_CONVERSION = YES;
				CLANG_WARN_CONSTANT_CONVERSION = YES;
				CLANG_WARN_DIRECT_OBJC_ISA_USAGE = YES_ERROR;
				CLANG_WARN_EMPTY_BODY = YES;
				CLANG_WARN_ENUM_CONVERSION = YES;
				CLANG_WARN_INT_CONVERSION = YES;
				CLANG_WARN_OBJC_ROOT_CLASS = YES_ERROR;
				CLANG_WARN_UNREACHABLE_CODE = YES;
				CLANG_WARN__DUPLICATE_METHOD_MATCH = YES;
				"CODE_SIGN_IDENTITY[sdk=iphoneos*]" = "iPhone Developer";
				COPY_PHASE_STRIP = NO;
				DEBUG_INFORMATION_FORMAT = dwarf;
				ENABLE_STRICT_OBJC_MSGSEND = YES;
				ENABLE_TESTABILITY = YES;
				GCC_C_LANGUAGE_STANDARD = gnu99;
				GCC_DYNAMIC_NO_PIC = NO;
				GCC_NO_COMMON_BLOCKS = YES;
				GCC_OPTIMIZATION_LEVEL = 0;
				GCC_PREPROCESSOR_DEFINITIONS = (
					"DEBUG=1",
					"$(inherited)",
				);
				GCC_WARN_64_TO_32_BIT_CONVERSION = YES;
				GCC_WARN_ABOUT_RETURN_TYPE = YES_ERROR;
				GCC_WARN_UNDECLARED_SELECTOR = YES;
				GCC_WARN_UNINITIALIZED_AUTOS = YES_AGGRESSIVE;
				GCC_WARN_UNUSED_FUNCTION = YES;
				GCC_WARN_UNUSED_VARIABLE = YES;
				IPHONEOS_DEPLOYMENT_TARGET = 9.1;
				MTL_ENABLE_DEBUG_INFO = YES;
				ONLY_ACTIVE_ARCH = YES;
				SDKROOT = iphoneos;
			};
			name = Debug;
		};
		37B998331C287CE200710151 /* Release */ = {
			isa = XCBuildConfiguration;
			buildSettings = {
				ALWAYS_SEARCH_USER_PATHS = NO;
				CLANG_CXX_LANGUAGE_STANDARD = "gnu++0x";
				CLANG_CXX_LIBRARY = "libc++";
				CLANG_ENABLE_MODULES = YES;
				CLANG_ENABLE_OBJC_ARC = YES;
				CLANG_WARN_BOOL_CONVERSION = YES;
				CLANG_WARN_CONSTANT_CONVERSION = YES;
				CLANG_WARN_DIRECT_OBJC_ISA_USAGE = YES_ERROR;
				CLANG_WARN_EMPTY_BODY = YES;
				CLANG_WARN_ENUM_CONVERSION = YES;
				CLANG_WARN_INT_CONVERSION = YES;
				CLANG_WARN_OBJC_ROOT_CLASS = YES_ERROR;
				CLANG_WARN_UNREACHABLE_CODE = YES;
				CLANG_WARN__DUPLICATE_METHOD_MATCH = YES;
				"CODE_SIGN_IDENTITY[sdk=iphoneos*]" = "iPhone Developer";
				COPY_PHASE_STRIP = NO;
				DEBUG_INFORMATION_FORMAT = "dwarf-with-dsym";
				ENABLE_NS_ASSERTIONS = NO;
				ENABLE_STRICT_OBJC_MSGSEND = YES;
				GCC_C_LANGUAGE_STANDARD = gnu99;
				GCC_NO_COMMON_BLOCKS = YES;
				GCC_WARN_64_TO_32_BIT_CONVERSION = YES;
				GCC_WARN_ABOUT_RETURN_TYPE = YES_ERROR;
				GCC_WARN_UNDECLARED_SELECTOR = YES;
				GCC_WARN_UNINITIALIZED_AUTOS = YES_AGGRESSIVE;
				GCC_WARN_UNUSED_FUNCTION = YES;
				GCC_WARN_UNUSED_VARIABLE = YES;
				IPHONEOS_DEPLOYMENT_TARGET = 9.1;
				MTL_ENABLE_DEBUG_INFO = NO;
				SDKROOT = iphoneos;
				VALIDATE_PRODUCT = YES;
			};
			name = Release;
		};
		37B998351C287CE200710151 /* Debug */ = {
			isa = XCBuildConfiguration;
			buildSettings = {
				ASSETCATALOG_COMPILER_APPICON_NAME = AppIcon;
				INFOPLIST_FILE = VideoReverseDemo/Info.plist;
				LD_RUNPATH_SEARCH_PATHS = "$(inherited) @executable_path/Frameworks";
				PRODUCT_BUNDLE_IDENTIFIER = com.KayWong.VideoReverseDemo;
				PRODUCT_NAME = "$(TARGET_NAME)";
			};
			name = Debug;
		};
		37B998361C287CE200710151 /* Release */ = {
			isa = XCBuildConfiguration;
			buildSettings = {
				ASSETCATALOG_COMPILER_APPICON_NAME = AppIcon;
				INFOPLIST_FILE = VideoReverseDemo/Info.plist;
				LD_RUNPATH_SEARCH_PATHS = "$(inherited) @executable_path/Frameworks";
				PRODUCT_BUNDLE_IDENTIFIER = com.KayWong.VideoReverseDemo;
				PRODUCT_NAME = "$(TARGET_NAME)";
			};
			name = Release;
		};
		37B998381C287CE200710151 /* Debug */ = {
			isa = XCBuildConfiguration;
			buildSettings = {
				BUNDLE_LOADER = "$(TEST_HOST)";
				INFOPLIST_FILE = VideoReverseDemoTests/Info.plist;
				LD_RUNPATH_SEARCH_PATHS = "$(inherited) @executable_path/Frameworks @loader_path/Frameworks";
				PRODUCT_BUNDLE_IDENTIFIER = com.KayWong.VideoReverseDemoTests;
				PRODUCT_NAME = "$(TARGET_NAME)";
				TEST_HOST = "$(BUILT_PRODUCTS_DIR)/VideoReverseDemo.app/VideoReverseDemo";
			};
			name = Debug;
		};
		37B998391C287CE200710151 /* Release */ = {
			isa = XCBuildConfiguration;
			buildSettings = {
				BUNDLE_LOADER = "$(TEST_HOST)";
				INFOPLIST_FILE = VideoReverseDemoTests/Info.plist;
				LD_RUNPATH_SEARCH_PATHS = "$(inherited) @executable_path/Frameworks @loader_path/Frameworks";
				PRODUCT_BUNDLE_IDENTIFIER = com.KayWong.VideoReverseDemoTests;
				PRODUCT_NAME = "$(TARGET_NAME)";
				TEST_HOST = "$(BUILT_PRODUCTS_DIR)/VideoReverseDemo.app/VideoReverseDemo";
			};
			name = Release;
		};
		37B9983B1C287CE200710151 /* Debug */ = {
			isa = XCBuildConfiguration;
			buildSettings = {
				INFOPLIST_FILE = VideoReverseDemoUITests/Info.plist;
				LD_RUNPATH_SEARCH_PATHS = "$(inherited) @executable_path/Frameworks @loader_path/Frameworks";
				PRODUCT_BUNDLE_IDENTIFIER = com.KayWong.VideoReverseDemoUITests;
				PRODUCT_NAME = "$(TARGET_NAME)";
				TEST_TARGET_NAME = VideoReverseDemo;
				USES_XCTRUNNER = YES;
			};
			name = Debug;
		};
		37B9983C1C287CE200710151 /* Release */ = {
			isa = XCBuildConfiguration;
			buildSettings = {
				INFOPLIST_FILE = VideoReverseDemoUITests/Info.plist;
				LD_RUNPATH_SEARCH_PATHS = "$(inherited) @executable_path/Frameworks @loader_path/Frameworks";
				PRODUCT_BUNDLE_IDENTIFIER = com.KayWong.VideoReverseDemoUITests;
				PRODUCT_NAME = "$(TARGET_NAME)";
				TEST_TARGET_NAME = VideoReverseDemo;
				USES_XCTRUNNER = YES;
			};
			name = Release;
		};
/* End XCBuildConfiguration section */

/* Begin XCConfigurationList section */
		37B998021C287CE200710151 /* Build configuration list for PBXProject "VideoReverseDemo" */ = {
			isa = XCConfigurationList;
			buildConfigurations = (
				37B998321C287CE200710151 /* Debug */,
				37B998331C287CE200710151 /* Release */,
			);
			defaultConfigurationIsVisible = 0;
			defaultConfigurationName = Release;
		};
		37B998341C287CE200710151 /* Build configuration list for PBXNativeTarget "VideoReverseDemo" */ = {
			isa = XCConfigurationList;
			buildConfigurations = (
				37B998351C287CE200710151 /* Debug */,
				37B998361C287CE200710151 /* Release */,
			);
			defaultConfigurationIsVisible = 0;
		};
		37B998371C287CE200710151 /* Build configuration list for PBXNativeTarget "VideoReverseDemoTests" */ = {
			isa = XCConfigurationList;
			buildConfigurations = (
				37B998381C287CE200710151 /* Debug */,
				37B998391C287CE200710151 /* Release */,
			);
			defaultConfigurationIsVisible = 0;
		};
		37B9983A1C287CE200710151 /* Build configuration list for PBXNativeTarget "VideoReverseDemoUITests" */ = {
			isa = XCConfigurationList;
			buildConfigurations = (
				37B9983B1C287CE200710151 /* Debug */,
				37B9983C1C287CE200710151 /* Release */,
			);
			defaultConfigurationIsVisible = 0;
		};
/* End XCConfigurationList section */
	};
	rootObject = 37B997FF1C287CE200710151 /* Project object */;
}
